
Microsoft Visual Studio Solution File, Format Version 12.00
# Visual Studio Version 16
VisualStudioVersion = 16.0.30413.136
MinimumVisualStudioVersion = 10.0.40219.1
Project("{8BC9CEB8-8B4A-11D0-8D11-00A0C91BC942}") = "01-home_assignment", "01-home_assignment\01-home_assignment.vcxproj", "{AD65BB66-C5CD-4A86-A22C-1199C929BCA5}"
EndProject
Project("{8BC9CEB8-8B4A-11D0-8D11-00A0C91BC942}") = "02-ha", "02-ha\02-ha.vcxproj", "{81345857-E796-47D6-B33A-F106248DA142}"
EndProject
Project("{8BC9CEB8-8B4A-11D0-8D11-00A0C91BC942}") = "03-ha", "03-ha\03-ha.vcxproj", "{BAD85A4F-6254-416A-A576-C716948BF2E0}"
EndProject
Project("{8BC9CEB8-8B4A-11D0-8D11-00A0C91BC942}") = "04-ha.cpp", "04-ha.cpp\04-ha.cpp.vcxproj", "{E1A6824A-E5D0-462B-9787-3BE8F254A0BC}"
EndProject
Project("{8BC9CEB8-8B4A-11D0-8D11-00A0C91BC942}") = "05-ha", "05-ha\05-ha.vcxproj", "{BC4DBDD4-9399-4B1C-B9EB-77D4D141C307}"
EndProject
Project("{8BC9CEB8-8B4A-11D0-8D11-00A0C91BC942}") = "06-ha", "06-ha\06-ha.vcxproj", "{9B9C224B-3F88-4A56-A7BE-D8475D5EBD2E}"
EndProject
Project("{8BC9CEB8-8B4A-11D0-8D11-00A0C91BC942}") = "07-ha", "07-ha\07-ha.vcxproj", "{B0FC3F40-D579-4303-9FAB-31FFDC7985F7}"
EndProject
Project("{8BC9CEB8-8B4A-11D0-8D11-00A0C91BC942}") = "08-ha", "08-ha\08-ha.vcxproj", "{9B608C0F-1423-4D3A-9003-E1874F8C42A1}"
EndProject
Project("{8BC9CEB8-8B4A-11D0-8D11-00A0C91BC942}") = "09-ha", "09-ha\09-ha.vcxproj", "{665ECA3C-E265-4C22-ADE6-743E2F818E6A}"
EndProject
Project("{8BC9CEB8-8B4A-11D0-8D11-00A0C91BC942}") = "10-ha", "10-ha\10-ha.vcxproj", "{3D52EFDF-547C-495B-909A-39F45B9149FB}"
EndProject
Global
	GlobalSection(SolutionConfigurationPlatforms) = preSolution
		Debug|x64 = Debug|x64
		Debug|x86 = Debug|x86
		Release|x64 = Release|x64
		Release|x86 = Release|x86
	EndGlobalSection
	GlobalSection(ProjectConfigurationPlatforms) = postSolution
		{AD65BB66-C5CD-4A86-A22C-1199C929BCA5}.Debug|x64.ActiveCfg = Debug|x64
		{AD65BB66-C5CD-4A86-A22C-1199C929BCA5}.Debug|x64.Build.0 = Debug|x64
		{AD65BB66-C5CD-4A86-A22C-1199C929BCA5}.Debug|x86.ActiveCfg = Debug|Win32
		{AD65BB66-C5CD-4A86-A22C-1199C929BCA5}.Debug|x86.Build.0 = Debug|Win32
		{AD65BB66-C5CD-4A86-A22C-1199C929BCA5}.Release|x64.ActiveCfg = Release|x64
		{AD65BB66-C5CD-4A86-A22C-1199C929BCA5}.Release|x64.Build.0 = Release|x64
		{AD65BB66-C5CD-4A86-A22C-1199C929BCA5}.Release|x86.ActiveCfg = Release|Win32
		{AD65BB66-C5CD-4A86-A22C-1199C929BCA5}.Release|x86.Build.0 = Release|Win32
		{81345857-E796-47D6-B33A-F106248DA142}.Debug|x64.ActiveCfg = Debug|x64
		{81345857-E796-47D6-B33A-F106248DA142}.Debug|x64.Build.0 = Debug|x64
		{81345857-E796-47D6-B33A-F106248DA142}.Debug|x86.ActiveCfg = Debug|Win32
		{81345857-E796-47D6-B33A-F106248DA142}.Debug|x86.Build.0 = Debug|Win32
		{81345857-E796-47D6-B33A-F106248DA142}.Release|x64.ActiveCfg = Release|x64
		{81345857-E796-47D6-B33A-F106248DA142}.Release|x64.Build.0 = Release|x64
		{81345857-E796-47D6-B33A-F106248DA142}.Release|x86.ActiveCfg = Release|Win32
		{81345857-E796-47D6-B33A-F106248DA142}.Release|x86.Build.0 = Release|Win32
		{BAD85A4F-6254-416A-A576-C716948BF2E0}.Debug|x64.ActiveCfg = Debug|x64
		{BAD85A4F-6254-416A-A576-C716948BF2E0}.Debug|x64.Build.0 = Debug|x64
		{BAD85A4F-6254-416A-A576-C716948BF2E0}.Debug|x86.ActiveCfg = Debug|Win32
		{BAD85A4F-6254-416A-A576-C716948BF2E0}.Debug|x86.Build.0 = Debug|Win32
		{BAD85A4F-6254-416A-A576-C716948BF2E0}.Release|x64.ActiveCfg = Release|x64
		{BAD85A4F-6254-416A-A576-C716948BF2E0}.Release|x64.Build.0 = Release|x64
		{BAD85A4F-6254-416A-A576-C716948BF2E0}.Release|x86.ActiveCfg = Release|Win32
		{BAD85A4F-6254-416A-A576-C716948BF2E0}.Release|x86.Build.0 = Release|Win32
		{E1A6824A-E5D0-462B-9787-3BE8F254A0BC}.Debug|x64.ActiveCfg = Debug|x64
		{E1A6824A-E5D0-462B-9787-3BE8F254A0BC}.Debug|x64.Build.0 = Debug|x64
		{E1A6824A-E5D0-462B-9787-3BE8F254A0BC}.Debug|x86.ActiveCfg = Debug|Win32
		{E1A6824A-E5D0-462B-9787-3BE8F254A0BC}.Debug|x86.Build.0 = Debug|Win32
		{E1A6824A-E5D0-462B-9787-3BE8F254A0BC}.Release|x64.ActiveCfg = Release|x64
		{E1A6824A-E5D0-462B-9787-3BE8F254A0BC}.Release|x64.Build.0 = Release|x64
		{E1A6824A-E5D0-462B-9787-3BE8F254A0BC}.Release|x86.ActiveCfg = Release|Win32
		{E1A6824A-E5D0-462B-9787-3BE8F254A0BC}.Release|x86.Build.0 = Release|Win32
		{BC4DBDD4-9399-4B1C-B9EB-77D4D141C307}.Debug|x64.ActiveCfg = Debug|x64
		{BC4DBDD4-9399-4B1C-B9EB-77D4D141C307}.Debug|x64.Build.0 = Debug|x64
		{BC4DBDD4-9399-4B1C-B9EB-77D4D141C307}.Debug|x86.ActiveCfg = Debug|Win32
		{BC4DBDD4-9399-4B1C-B9EB-77D4D141C307}.Debug|x86.Build.0 = Debug|Win32
		{BC4DBDD4-9399-4B1C-B9EB-77D4D141C307}.Release|x64.ActiveCfg = Release|x64
		{BC4DBDD4-9399-4B1C-B9EB-77D4D141C307}.Release|x64.Build.0 = Release|x64
		{BC4DBDD4-9399-4B1C-B9EB-77D4D141C307}.Release|x86.ActiveCfg = Release|Win32
		{BC4DBDD4-9399-4B1C-B9EB-77D4D141C307}.Release|x86.Build.0 = Release|Win32
		{9B9C224B-3F88-4A56-A7BE-D8475D5EBD2E}.Debug|x64.ActiveCfg = Debug|x64
		{9B9C224B-3F88-4A56-A7BE-D8475D5EBD2E}.Debug|x64.Build.0 = Debug|x64
		{9B9C224B-3F88-4A56-A7BE-D8475D5EBD2E}.Debug|x86.ActiveCfg = Debug|Win32
		{9B9C224B-3F88-4A56-A7BE-D8475D5EBD2E}.Debug|x86.Build.0 = Debug|Win32
		{9B9C224B-3F88-4A56-A7BE-D8475D5EBD2E}.Release|x64.ActiveCfg = Release|x64
		{9B9C224B-3F88-4A56-A7BE-D8475D5EBD2E}.Release|x64.Build.0 = Release|x64
		{9B9C224B-3F88-4A56-A7BE-D8475D5EBD2E}.Release|x86.ActiveCfg = Release|Win32
		{9B9C224B-3F88-4A56-A7BE-D8475D5EBD2E}.Release|x86.Build.0 = Release|Win32
		{B0FC3F40-D579-4303-9FAB-31FFDC7985F7}.Debug|x64.ActiveCfg = Debug|x64
		{B0FC3F40-D579-4303-9FAB-31FFDC7985F7}.Debug|x64.Build.0 = Debug|x64
		{B0FC3F40-D579-4303-9FAB-31FFDC7985F7}.Debug|x86.ActiveCfg = Debug|Win32
		{B0FC3F40-D579-4303-9FAB-31FFDC7985F7}.Debug|x86.Build.0 = Debug|Win32
		{B0FC3F40-D579-4303-9FAB-31FFDC7985F7}.Release|x64.ActiveCfg = Release|x64
		{B0FC3F40-D579-4303-9FAB-31FFDC7985F7}.Release|x64.Build.0 = Release|x64
		{B0FC3F40-D579-4303-9FAB-31FFDC7985F7}.Release|x86.ActiveCfg = Release|Win32
		{B0FC3F40-D579-4303-9FAB-31FFDC7985F7}.Release|x86.Build.0 = Release|Win32
		{9B608C0F-1423-4D3A-9003-E1874F8C42A1}.Debug|x64.ActiveCfg = Debug|x64
		{9B608C0F-1423-4D3A-9003-E1874F8C42A1}.Debug|x64.Build.0 = Debug|x64
		{9B608C0F-1423-4D3A-9003-E1874F8C42A1}.Debug|x86.ActiveCfg = Debug|Win32
		{9B608C0F-1423-4D3A-9003-E1874F8C42A1}.Debug|x86.Build.0 = Debug|Win32
		{9B608C0F-1423-4D3A-9003-E1874F8C42A1}.Release|x64.ActiveCfg = Release|x64
		{9B608C0F-1423-4D3A-9003-E1874F8C42A1}.Release|x64.Build.0 = Release|x64
		{9B608C0F-1423-4D3A-9003-E1874F8C42A1}.Release|x86.ActiveCfg = Release|Win32
		{9B608C0F-1423-4D3A-9003-E1874F8C42A1}.Release|x86.Build.0 = Release|Win32
		{665ECA3C-E265-4C22-ADE6-743E2F818E6A}.Debug|x64.ActiveCfg = Debug|x64
		{665ECA3C-E265-4C22-ADE6-743E2F818E6A}.Debug|x64.Build.0 = Debug|x64
		{665ECA3C-E265-4C22-ADE6-743E2F818E6A}.Debug|x86.ActiveCfg = Debug|Win32
		{665ECA3C-E265-4C22-ADE6-743E2F818E6A}.Debug|x86.Build.0 = Debug|Win32
		{665ECA3C-E265-4C22-ADE6-743E2F818E6A}.Release|x64.ActiveCfg = Release|x64
		{665ECA3C-E265-4C22-ADE6-743E2F818E6A}.Release|x64.Build.0 = Release|x64
		{665ECA3C-E265-4C22-ADE6-743E2F818E6A}.Release|x86.ActiveCfg = Release|Win32
		{665ECA3C-E265-4C22-ADE6-743E2F818E6A}.Release|x86.Build.0 = Release|Win32
		{3D52EFDF-547C-495B-909A-39F45B9149FB}.Debug|x64.ActiveCfg = Debug|x64
		{3D52EFDF-547C-495B-909A-39F45B9149FB}.Debug|x64.Build.0 = Debug|x64
		{3D52EFDF-547C-495B-909A-39F45B9149FB}.Debug|x86.ActiveCfg = Debug|Win32
		{3D52EFDF-547C-495B-909A-39F45B9149FB}.Debug|x86.Build.0 = Debug|Win32
		{3D52EFDF-547C-495B-909A-39F45B9149FB}.Release|x64.ActiveCfg = Release|x64
		{3D52EFDF-547C-495B-909A-39F45B9149FB}.Release|x64.Build.0 = Release|x64
		{3D52EFDF-547C-495B-909A-39F45B9149FB}.Release|x86.ActiveCfg = Release|Win32
		{3D52EFDF-547C-495B-909A-39F45B9149FB}.Release|x86.Build.0 = Release|Win32
	EndGlobalSection
	GlobalSection(SolutionProperties) = preSolution
		HideSolutionNode = FALSE
	EndGlobalSection
	GlobalSection(ExtensibilityGlobals) = postSolution
		SolutionGuid = {B58038FA-C658-446E-ABF8-8999289D3B74}
	EndGlobalSection
EndGlobal
